
Microsoft Visual Studio Solution File, Format Version 12.00
# Visual Studio Version 17
VisualStudioVersion = 17.3.32811.315
MinimumVisualStudioVersion = 10.0.40219.1
Project("{FAE04EC0-301F-11D3-BF4B-00C04F79EFBC}") = "Socket_Tunnel_Server", "Socket_Tunnel_Server\Socket_Tunnel_Server.csproj", "{30E502A5-B31E-4671-8142-F9095D2B065A}"
EndProject
Project("{FAE04EC0-301F-11D3-BF4B-00C04F79EFBC}") = "Socket_Tunnel_Client", "Socket_Tunnel_Client\Socket_Tunnel_Client.csproj", "{4FD5B8C7-6137-42EE-BA0B-1D187C07E72A}"
EndProject
Global
	GlobalSection(SolutionConfigurationPlatforms) = preSolution
		Debug|Any CPU = Debug|Any CPU
		Release|Any CPU = Release|Any CPU
	EndGlobalSection
	GlobalSection(ProjectConfigurationPlatforms) = postSolution
		{30E502A5-B31E-4671-8142-F9095D2B065A}.Debug|Any CPU.ActiveCfg = Debug|Any CPU
		{30E502A5-B31E-4671-8142-F9095D2B065A}.Debug|Any CPU.Build.0 = Debug|Any CPU
		{30E502A5-B31E-4671-8142-F9095D2B065A}.Release|Any CPU.ActiveCfg = Release|Any CPU
		{30E502A5-B31E-4671-8142-F9095D2B065A}.Release|Any CPU.Build.0 = Release|Any CPU
		{4FD5B8C7-6137-42EE-BA0B-1D187C07E72A}.Debug|Any CPU.ActiveCfg = Debug|Any CPU
		{4FD5B8C7-6137-42EE-BA0B-1D187C07E72A}.Debug|Any CPU.Build.0 = Debug|Any CPU
		{4FD5B8C7-6137-42EE-BA0B-1D187C07E72A}.Release|Any CPU.ActiveCfg = Release|Any CPU
		{4FD5B8C7-6137-42EE-BA0B-1D187C07E72A}.Release|Any CPU.Build.0 = Release|Any CPU
	EndGlobalSection
	GlobalSection(SolutionProperties) = preSolution
		HideSolutionNode = FALSE
	EndGlobalSection
	GlobalSection(ExtensibilityGlobals) = postSolution
		SolutionGuid = {8CF64679-923B-496A-927A-DDCC1E7826A3}
	EndGlobalSection
EndGlobal
